
Microsoft Visual Studio Solution File, Format Version 11.00
# Visual Studio 2010
Project("{F184B08F-C81C-45F6-A57F-5ABD9991F28F}") = "transportasion", "transportasion\transportasion.vbproj", "{E06DA77C-D62F-42BA-82C3-99486A30A91A}"
EndProject
Global
	GlobalSection(SolutionConfigurationPlatforms) = preSolution
		Debug|x86 = Debug|x86
		Release|x86 = Release|x86
	EndGlobalSection
	GlobalSection(ProjectConfigurationPlatforms) = postSolution
		{E06DA77C-D62F-42BA-82C3-99486A30A91A}.Debug|x86.ActiveCfg = Debug|x86
		{E06DA77C-D62F-42BA-82C3-99486A30A91A}.Debug|x86.Build.0 = Debug|x86
		{E06DA77C-D62F-42BA-82C3-99486A30A91A}.Release|x86.ActiveCfg = Release|x86
		{E06DA77C-D62F-42BA-82C3-99486A30A91A}.Release|x86.Build.0 = Release|x86
	EndGlobalSection
	GlobalSection(SolutionProperties) = preSolution
		HideSolutionNode = FALSE
	EndGlobalSection
EndGlobal
